
Microsoft Visual Studio Solution File, Format Version 12.00
# Visual Studio Version 17
VisualStudioVersion = 17.7.34024.191
MinimumVisualStudioVersion = 10.0.40219.1
Project("{8BC9CEB8-8B4A-11D0-8D11-00A0C91BC942}") = "数9的个数", "数9的个数\数9的个数.vcxproj", "{8904AE44-4499-4BE2-80F7-B0DD7C0C0BEC}"
EndProject
Global
	GlobalSection(SolutionConfigurationPlatforms) = preSolution
		Debug|x64 = Debug|x64
		Debug|x86 = Debug|x86
		Release|x64 = Release|x64
		Release|x86 = Release|x86
	EndGlobalSection
	GlobalSection(ProjectConfigurationPlatforms) = postSolution
		{8904AE44-4499-4BE2-80F7-B0DD7C0C0BEC}.Debug|x64.ActiveCfg = Debug|x64
		{8904AE44-4499-4BE2-80F7-B0DD7C0C0BEC}.Debug|x64.Build.0 = Debug|x64
		{8904AE44-4499-4BE2-80F7-B0DD7C0C0BEC}.Debug|x86.ActiveCfg = Debug|Win32
		{8904AE44-4499-4BE2-80F7-B0DD7C0C0BEC}.Debug|x86.Build.0 = Debug|Win32
		{8904AE44-4499-4BE2-80F7-B0DD7C0C0BEC}.Release|x64.ActiveCfg = Release|x64
		{8904AE44-4499-4BE2-80F7-B0DD7C0C0BEC}.Release|x64.Build.0 = Release|x64
		{8904AE44-4499-4BE2-80F7-B0DD7C0C0BEC}.Release|x86.ActiveCfg = Release|Win32
		{8904AE44-4499-4BE2-80F7-B0DD7C0C0BEC}.Release|x86.Build.0 = Release|Win32
	EndGlobalSection
	GlobalSection(SolutionProperties) = preSolution
		HideSolutionNode = FALSE
	EndGlobalSection
	GlobalSection(ExtensibilityGlobals) = postSolution
		SolutionGuid = {7F88005E-D62F-4EF3-B36C-26846F7C9DBB}
	EndGlobalSection
EndGlobal
