
Microsoft Visual Studio Solution File, Format Version 12.00
# Visual Studio Version 17
VisualStudioVersion = 17.7.34024.191
MinimumVisualStudioVersion = 10.0.40219.1
Project("{8BC9CEB8-8B4A-11D0-8D11-00A0C91BC942}") = "SepList", "SepList\SepList.vcxproj", "{685D833D-F584-4306-A890-5C6F29C06028}"
EndProject
Global
	GlobalSection(SolutionConfigurationPlatforms) = preSolution
		Debug|x64 = Debug|x64
		Debug|x86 = Debug|x86
		Release|x64 = Release|x64
		Release|x86 = Release|x86
	EndGlobalSection
	GlobalSection(ProjectConfigurationPlatforms) = postSolution
		{685D833D-F584-4306-A890-5C6F29C06028}.Debug|x64.ActiveCfg = Debug|x64
		{685D833D-F584-4306-A890-5C6F29C06028}.Debug|x64.Build.0 = Debug|x64
		{685D833D-F584-4306-A890-5C6F29C06028}.Debug|x86.ActiveCfg = Debug|Win32
		{685D833D-F584-4306-A890-5C6F29C06028}.Debug|x86.Build.0 = Debug|Win32
		{685D833D-F584-4306-A890-5C6F29C06028}.Release|x64.ActiveCfg = Release|x64
		{685D833D-F584-4306-A890-5C6F29C06028}.Release|x64.Build.0 = Release|x64
		{685D833D-F584-4306-A890-5C6F29C06028}.Release|x86.ActiveCfg = Release|Win32
		{685D833D-F584-4306-A890-5C6F29C06028}.Release|x86.Build.0 = Release|Win32
	EndGlobalSection
	GlobalSection(SolutionProperties) = preSolution
		HideSolutionNode = FALSE
	EndGlobalSection
	GlobalSection(ExtensibilityGlobals) = postSolution
		SolutionGuid = {74DF41B9-3BBC-46AD-AE46-467FB4A86929}
	EndGlobalSection
EndGlobal
